{
  "originHash" : "8304076a5562fc2570609a7e5797790d0d2db459da4cc54c2a6d8a99324d46b5",
  "pins" : [
    {
      "identity" : "alamofire",
      "kind" : "remoteSourceControl",
      "location" : "https://github.com/wrandecima-bit/Alamofire",
      "state" : {
        "branch" : "master",
        "revision" : "7fdd403089757be2ce6991b287c7bef612c8bd04"
      }
    },
    {
      "identity" : "appsflyerframework-static",
      "kind" : "remoteSourceControl",
      "location" : "https://github.com/AppsFlyerSDK/AppsFlyerFramework-Static",
      "state" : {
        "revision" : "8b763045b2a788e3fd59f1bde7b74d130286da27",
        "version" : "6.18.1"
      }
    },
    {
      "identity" : "snapkit",
      "kind" : "remoteSourceControl",
      "location" : "https://github.com/SnapKit/SnapKit.git",
      "state" : {
        "revision" : "2842e6e84e82eb9a8dac0100ca90d9444b0307f4",
        "version" : "5.7.1"
      }
    }
  ],
  "version" : 3
}
